
Microsoft Visual Studio Solution File, Format Version 12.00
# Visual Studio Version 17
VisualStudioVersion = 17.8.34330.188
MinimumVisualStudioVersion = 10.0.40219.1
Project("{FAE04EC0-301F-11D3-BF4B-00C04F79EFBC}") = "Proyecto2Ev", "Proyecto2Ev\Proyecto2Ev.csproj", "{8CB28481-BA70-40B6-9A2B-A87A84F76AB5}"
EndProject
Global
	GlobalSection(SolutionConfigurationPlatforms) = preSolution
		Debug|Any CPU = Debug|Any CPU
		Release|Any CPU = Release|Any CPU
	EndGlobalSection
	GlobalSection(ProjectConfigurationPlatforms) = postSolution
		{8CB28481-BA70-40B6-9A2B-A87A84F76AB5}.Debug|Any CPU.ActiveCfg = Debug|Any CPU
		{8CB28481-BA70-40B6-9A2B-A87A84F76AB5}.Debug|Any CPU.Build.0 = Debug|Any CPU
		{8CB28481-BA70-40B6-9A2B-A87A84F76AB5}.Release|Any CPU.ActiveCfg = Release|Any CPU
		{8CB28481-BA70-40B6-9A2B-A87A84F76AB5}.Release|Any CPU.Build.0 = Release|Any CPU
	EndGlobalSection
	GlobalSection(SolutionProperties) = preSolution
		HideSolutionNode = FALSE
	EndGlobalSection
	GlobalSection(ExtensibilityGlobals) = postSolution
		SolutionGuid = {E939BEA2-7F01-4951-BAA1-2AB1357F7E55}
	EndGlobalSection
EndGlobal
